
Microsoft Visual Studio Solution File, Format Version 12.00
# Visual Studio Version 17
VisualStudioVersion = 17.7.34031.279
MinimumVisualStudioVersion = 10.0.40219.1
Project("{2150E333-8FDC-42A3-9474-1A3956D46DE8}") = "Lab0", "Lab0", "{6126DFF8-BAF2-483E-87D6-5037B4FD285F}"
EndProject
Project("{FAE04EC0-301F-11D3-BF4B-00C04F79EFBC}") = "Tyuiu.ValievTM.ConsoleApp.Lab0.V0", "Tyuiu.ValievTM.ConsoleApp.Lab0.V0\Tyuiu.ValievTM.ConsoleApp.Lab0.V0.csproj", "{9F9726DF-17B6-4A3F-9BD6-9FF9823B9162}"
EndProject
Project("{FAE04EC0-301F-11D3-BF4B-00C04F79EFBC}") = "Tyuiu.ValievTM.ConsoleApp.Lab0.V0.Lib", "Tyuiu.ValievTM.ConsoleApp.Lab0.V0.Lib\Tyuiu.ValievTM.ConsoleApp.Lab0.V0.Lib.csproj", "{5DA5D0C4-385A-4EE4-8648-B70404A991B7}"
EndProject
Project("{FAE04EC0-301F-11D3-BF4B-00C04F79EFBC}") = "Tyuiu.ValievTM.ConsoleApp.Lab0.V0.Test", "Tyuiu.ValievTM.ConsoleApp.Lab0.V0.Test\Tyuiu.ValievTM.ConsoleApp.Lab0.V0.Test.csproj", "{32C54985-8A69-4DD2-AA19-ED7B810AE618}"
EndProject
Project("{2150E333-8FDC-42A3-9474-1A3956D46DE8}") = "Lab1", "Lab1", "{BBC9364F-640F-4198-976B-3C34040B4F40}"
EndProject
Project("{FAE04EC0-301F-11D3-BF4B-00C04F79EFBC}") = "Tyuiu.ValievTM.ConsoleApp.Lab1.V1", "Tyuiu.ValievTM.ConsoleApp.Lab1.V1\Tyuiu.ValievTM.ConsoleApp.Lab1.V1.csproj", "{2E8D8194-D980-49B6-9A7B-0B10034CDAA6}"
EndProject
Project("{FAE04EC0-301F-11D3-BF4B-00C04F79EFBC}") = "Tyuiu.ValievTM.ConsoleApp.Lab1.V1.Lib", "Tyuiu.ValievTM.ConsoleApp.Lab1.V1.Lib\Tyuiu.ValievTM.ConsoleApp.Lab1.V1.Lib.csproj", "{24E125EC-A3A9-4FCD-9E14-E17467E66804}"
EndProject
Project("{FAE04EC0-301F-11D3-BF4B-00C04F79EFBC}") = "Tyuiu.ValievTM.ConsoleApp.Lab1.V1.Test", "Tyuiu.ValievTM.ConsoleApp.Lab1.V1.Test\Tyuiu.ValievTM.ConsoleApp.Lab1.V1.Test.csproj", "{AD67EF49-478C-43DA-A2B0-9CD70EA931BC}"
EndProject
Project("{2150E333-8FDC-42A3-9474-1A3956D46DE8}") = "Lab2", "Lab2", "{44612DAE-36C2-4D74-B5A2-A3B06D470065}"
EndProject
Project("{FAE04EC0-301F-11D3-BF4B-00C04F79EFBC}") = "Tyuiu.ValievTM.ConsoleApp.Lab2.V3.Test", "Tyuiu.ValievTM.ConsoleApp.Lab2.V1.Test\Tyuiu.ValievTM.ConsoleApp.Lab2.V3.Test.csproj", "{A0EFA692-D51A-4106-A4BD-7A84B46D4D04}"
EndProject
Project("{FAE04EC0-301F-11D3-BF4B-00C04F79EFBC}") = "Tyuiu.ValievTM.ConsoleApp.Lab2.V3.Lib", "Tyuiu.ValievTM.ConsoleApp.Lab2.V1.Lib\Tyuiu.ValievTM.ConsoleApp.Lab2.V3.Lib.csproj", "{F9881B1A-6B5D-4B46-982E-FA629CE9D35D}"
EndProject
Project("{FAE04EC0-301F-11D3-BF4B-00C04F79EFBC}") = "Tyuiu.ValievTM.ConsoleApp.Lab2.V3", "Tyuiu.ValievTM.ConsoleApp.Lab2.V1\Tyuiu.ValievTM.ConsoleApp.Lab2.V3.csproj", "{1188D4A5-EED4-48F4-82DF-259E354B7CA3}"
EndProject
Project("{2150E333-8FDC-42A3-9474-1A3956D46DE8}") = "Lab3", "Lab3", "{C3389275-41BD-4C26-BF65-BA4711B1578B}"
EndProject
Project("{FAE04EC0-301F-11D3-BF4B-00C04F79EFBC}") = "Tyuiu.ValievTM.ConsoleApp.Lab3.V0.Test", "Tyuiu.ValievTM.ConsoleApp.Lab3.V0.Test\Tyuiu.ValievTM.ConsoleApp.Lab3.V0.Test.csproj", "{8E75EA5C-84F9-4E98-A63F-2DFFDA7148A1}"
EndProject
Project("{FAE04EC0-301F-11D3-BF4B-00C04F79EFBC}") = "Tyuiu.ValievTM.ConsoleApp.Lab3.V0.Lib", "Tyuiu.ValievTM.ConsoleApp.Lab3.V0.Lib\Tyuiu.ValievTM.ConsoleApp.Lab3.V0.Lib.csproj", "{C3266D59-8ECA-4182-ABE6-76A99DF7CBF6}"
EndProject
Project("{FAE04EC0-301F-11D3-BF4B-00C04F79EFBC}") = "Tyuiu.ValievTM.ConsoleApp.Lab3.V0", "Tyuiu.ValievTM.ConsoleApp.Lab3.V0\Tyuiu.ValievTM.ConsoleApp.Lab3.V0.csproj", "{8FC80EF7-769E-4AAC-B99D-1E8D7753628A}"
EndProject
Project("{FAE04EC0-301F-11D3-BF4B-00C04F79EFBC}") = "Tyuiu.ValievTM.ConsoleApp.Lab3.V3", "Tyuiu.ValievTM.ConsoleApp.Lab3.V3\Tyuiu.ValievTM.ConsoleApp.Lab3.V3.csproj", "{202DFF2D-1774-4FD5-8C46-1CA18380A231}"
EndProject
Project("{FAE04EC0-301F-11D3-BF4B-00C04F79EFBC}") = "Tyuiu.ValievTM.ConsoleApp.Lab3.V3.Lib", "Tyuiu.ValievTM.ConsoleApp.Lab3.V3.Lib\Tyuiu.ValievTM.ConsoleApp.Lab3.V3.Lib.csproj", "{B4F433C0-46F6-4739-A9A4-95485701DF9C}"
EndProject
Project("{FAE04EC0-301F-11D3-BF4B-00C04F79EFBC}") = "Tyuiu.ValievTM.ConsoleApp.Lab3.V3.Test", "Tyuiu.ValievTM.ConsoleApp.Lab3.V3.Test\Tyuiu.ValievTM.ConsoleApp.Lab3.V3.Test.csproj", "{1FCFF01A-A38F-4539-80C0-168BCCBECB11}"
EndProject
Project("{2150E333-8FDC-42A3-9474-1A3956D46DE8}") = "Lab4", "Lab4", "{85FFE3A4-D188-401B-8D7F-1A3EDCF3ED35}"
EndProject
Project("{FAE04EC0-301F-11D3-BF4B-00C04F79EFBC}") = "Tyuiu.ValievTM.ConsoleApp.Lab4.V3", "Tyuiu.ValievTM.ConsoleApp.Lab4.V3\Tyuiu.ValievTM.ConsoleApp.Lab4.V3.csproj", "{02B03C1C-0CCA-4439-A46D-AE9BAD7AF328}"
EndProject
Project("{FAE04EC0-301F-11D3-BF4B-00C04F79EFBC}") = "Tyuiu.ValievTM.ConsoleApp.Lab4.V3.Lib", "Tyuiu.ValievTM.ConsoleApp.Lab4.V3.Lib\Tyuiu.ValievTM.ConsoleApp.Lab4.V3.Lib.csproj", "{50073369-A1D0-4EC3-AB45-24ECF72DF735}"
EndProject
Project("{FAE04EC0-301F-11D3-BF4B-00C04F79EFBC}") = "Tyuiu.ValievTM.ConsoleApp.Lab4.V3.Test", "Tyuiu.ValievTM.ConsoleApp.Lab4.V3.Test\Tyuiu.ValievTM.ConsoleApp.Lab4.V3.Test.csproj", "{43BA9319-1A96-409F-BF67-46DBC79E87EB}"
EndProject
Project("{2150E333-8FDC-42A3-9474-1A3956D46DE8}") = "Lab5", "Lab5", "{A5C0300E-270B-4E04-AF26-8C8C93746FE3}"
EndProject
Project("{FAE04EC0-301F-11D3-BF4B-00C04F79EFBC}") = "Tyuiu.ValievTM.ConsoleApp.Lab5.V3", "Tyuiu.ValievTM.ConsoleApp.Lab5.V3\Tyuiu.ValievTM.ConsoleApp.Lab5.V3.csproj", "{E7DDF543-4E6D-4FBB-8496-2C968D4F88DD}"
EndProject
Project("{FAE04EC0-301F-11D3-BF4B-00C04F79EFBC}") = "Tyuiu.ValievTM.ConsoleApp.Lab5.V3.Lib", "Tyuiu.ValievTM.ConsoleApp.Lab5.V3.Lib\Tyuiu.ValievTM.ConsoleApp.Lab5.V3.Lib.csproj", "{B674D2E0-BF88-4F7C-9B14-8DF4A6B12BCF}"
EndProject
Project("{FAE04EC0-301F-11D3-BF4B-00C04F79EFBC}") = "Tyuiu.ValievTM.ConsoleApp.Lab5.V3.Test", "Tyuiu.ValievTM.ConsoleApp.Lab5.V3.Test\Tyuiu.ValievTM.ConsoleApp.Lab5.V3.Test.csproj", "{85FD9085-B867-4656-957D-647EE6FCCF2F}"
EndProject
Project("{2150E333-8FDC-42A3-9474-1A3956D46DE8}") = "Lab6", "Lab6", "{CBF7AB59-7E7F-49DC-9EBB-CC66AAFF8DA2}"
EndProject
Project("{FAE04EC0-301F-11D3-BF4B-00C04F79EFBC}") = "Tyuiu.ValievTM.ConsoleApp.Lab6.V3", "Tyuiu.ValievTM.ConsoleApp.Lab6\Tyuiu.ValievTM.ConsoleApp.Lab6.V3.csproj", "{B67636F8-048D-4203-8A72-E3B029031BF2}"
EndProject
Project("{FAE04EC0-301F-11D3-BF4B-00C04F79EFBC}") = "Tyuiu.ValievTM.ConsoleApp.Lab6.V3.Test", "Tyuiu.ValievTM.ConsoleApp.Lab6.V3.Test\Tyuiu.ValievTM.ConsoleApp.Lab6.V3.Test.csproj", "{6F897844-FF15-408C-94A8-407C1200E7C7}"
EndProject
Project("{FAE04EC0-301F-11D3-BF4B-00C04F79EFBC}") = "Tyuiu.ValievTM.ConsoleApp.Lab6.V3.Lib", "Tyuiu.ValievTM.ConsoleApp.Lab6.V3.Lib\Tyuiu.ValievTM.ConsoleApp.Lab6.V3.Lib.csproj", "{F93178C0-FB57-417E-843A-A73A41834759}"
EndProject
Project("{2150E333-8FDC-42A3-9474-1A3956D46DE8}") = "Lab7", "Lab7", "{FDAAA1C0-CBD4-40E3-B01C-47F004564796}"
EndProject
Project("{FAE04EC0-301F-11D3-BF4B-00C04F79EFBC}") = "Tyuiu.ValievTM.ConsoleApp.Lab7.V3", "Tyuiu.ValievTM.ConsoleApp.Lab7.V3\Tyuiu.ValievTM.ConsoleApp.Lab7.V3.csproj", "{7F9D7C85-6BAE-43E5-AB82-40387F64B00E}"
EndProject
Project("{FAE04EC0-301F-11D3-BF4B-00C04F79EFBC}") = "Tyuiu.ValievTM.ConsoleApp.Lab7.V3.Lib", "Tyuiu.ValievTM.ConsoleApp.Lab7.V3.Lib\Tyuiu.ValievTM.ConsoleApp.Lab7.V3.Lib.csproj", "{930EF762-31E0-40F9-8B85-3632D6444ADC}"
EndProject
Project("{FAE04EC0-301F-11D3-BF4B-00C04F79EFBC}") = "Tyuiu.ValievTM.ConsoleApp.Lab7.V3.Test", "Tyuiu.ValievTM.ConsoleApp.Lab7.V3.Test\Tyuiu.ValievTM.ConsoleApp.Lab7.V3.Test.csproj", "{2C3FBA3B-4135-447F-A176-3FA1C51BE63A}"
EndProject
Global
	GlobalSection(SolutionConfigurationPlatforms) = preSolution
		Debug|Any CPU = Debug|Any CPU
		Debug|x64 = Debug|x64
		Debug|x86 = Debug|x86
		Release|Any CPU = Release|Any CPU
		Release|x64 = Release|x64
		Release|x86 = Release|x86
	EndGlobalSection
	GlobalSection(ProjectConfigurationPlatforms) = postSolution
		{9F9726DF-17B6-4A3F-9BD6-9FF9823B9162}.Debug|Any CPU.ActiveCfg = Debug|Any CPU
		{9F9726DF-17B6-4A3F-9BD6-9FF9823B9162}.Debug|Any CPU.Build.0 = Debug|Any CPU
		{9F9726DF-17B6-4A3F-9BD6-9FF9823B9162}.Debug|x64.ActiveCfg = Debug|Any CPU
		{9F9726DF-17B6-4A3F-9BD6-9FF9823B9162}.Debug|x64.Build.0 = Debug|Any CPU
		{9F9726DF-17B6-4A3F-9BD6-9FF9823B9162}.Debug|x86.ActiveCfg = Debug|Any CPU
		{9F9726DF-17B6-4A3F-9BD6-9FF9823B9162}.Debug|x86.Build.0 = Debug|Any CPU
		{9F9726DF-17B6-4A3F-9BD6-9FF9823B9162}.Release|Any CPU.ActiveCfg = Release|Any CPU
		{9F9726DF-17B6-4A3F-9BD6-9FF9823B9162}.Release|Any CPU.Build.0 = Release|Any CPU
		{9F9726DF-17B6-4A3F-9BD6-9FF9823B9162}.Release|x64.ActiveCfg = Release|Any CPU
		{9F9726DF-17B6-4A3F-9BD6-9FF9823B9162}.Release|x64.Build.0 = Release|Any CPU
		{9F9726DF-17B6-4A3F-9BD6-9FF9823B9162}.Release|x86.ActiveCfg = Release|Any CPU
		{9F9726DF-17B6-4A3F-9BD6-9FF9823B9162}.Release|x86.Build.0 = Release|Any CPU
		{5DA5D0C4-385A-4EE4-8648-B70404A991B7}.Debug|Any CPU.ActiveCfg = Debug|Any CPU
		{5DA5D0C4-385A-4EE4-8648-B70404A991B7}.Debug|Any CPU.Build.0 = Debug|Any CPU
		{5DA5D0C4-385A-4EE4-8648-B70404A991B7}.Debug|x64.ActiveCfg = Debug|Any CPU
		{5DA5D0C4-385A-4EE4-8648-B70404A991B7}.Debug|x64.Build.0 = Debug|Any CPU
		{5DA5D0C4-385A-4EE4-8648-B70404A991B7}.Debug|x86.ActiveCfg = Debug|Any CPU
		{5DA5D0C4-385A-4EE4-8648-B70404A991B7}.Debug|x86.Build.0 = Debug|Any CPU
		{5DA5D0C4-385A-4EE4-8648-B70404A991B7}.Release|Any CPU.ActiveCfg = Release|Any CPU
		{5DA5D0C4-385A-4EE4-8648-B70404A991B7}.Release|Any CPU.Build.0 = Release|Any CPU
		{5DA5D0C4-385A-4EE4-8648-B70404A991B7}.Release|x64.ActiveCfg = Release|Any CPU
		{5DA5D0C4-385A-4EE4-8648-B70404A991B7}.Release|x64.Build.0 = Release|Any CPU
		{5DA5D0C4-385A-4EE4-8648-B70404A991B7}.Release|x86.ActiveCfg = Release|Any CPU
		{5DA5D0C4-385A-4EE4-8648-B70404A991B7}.Release|x86.Build.0 = Release|Any CPU
		{32C54985-8A69-4DD2-AA19-ED7B810AE618}.Debug|Any CPU.ActiveCfg = Debug|Any CPU
		{32C54985-8A69-4DD2-AA19-ED7B810AE618}.Debug|Any CPU.Build.0 = Debug|Any CPU
		{32C54985-8A69-4DD2-AA19-ED7B810AE618}.Debug|x64.ActiveCfg = Debug|Any CPU
		{32C54985-8A69-4DD2-AA19-ED7B810AE618}.Debug|x64.Build.0 = Debug|Any CPU
		{32C54985-8A69-4DD2-AA19-ED7B810AE618}.Debug|x86.ActiveCfg = Debug|Any CPU
		{32C54985-8A69-4DD2-AA19-ED7B810AE618}.Debug|x86.Build.0 = Debug|Any CPU
		{32C54985-8A69-4DD2-AA19-ED7B810AE618}.Release|Any CPU.ActiveCfg = Release|Any CPU
		{32C54985-8A69-4DD2-AA19-ED7B810AE618}.Release|Any CPU.Build.0 = Release|Any CPU
		{32C54985-8A69-4DD2-AA19-ED7B810AE618}.Release|x64.ActiveCfg = Release|Any CPU
		{32C54985-8A69-4DD2-AA19-ED7B810AE618}.Release|x64.Build.0 = Release|Any CPU
		{32C54985-8A69-4DD2-AA19-ED7B810AE618}.Release|x86.ActiveCfg = Release|Any CPU
		{32C54985-8A69-4DD2-AA19-ED7B810AE618}.Release|x86.Build.0 = Release|Any CPU
		{2E8D8194-D980-49B6-9A7B-0B10034CDAA6}.Debug|Any CPU.ActiveCfg = Debug|Any CPU
		{2E8D8194-D980-49B6-9A7B-0B10034CDAA6}.Debug|Any CPU.Build.0 = Debug|Any CPU
		{2E8D8194-D980-49B6-9A7B-0B10034CDAA6}.Debug|x64.ActiveCfg = Debug|Any CPU
		{2E8D8194-D980-49B6-9A7B-0B10034CDAA6}.Debug|x64.Build.0 = Debug|Any CPU
		{2E8D8194-D980-49B6-9A7B-0B10034CDAA6}.Debug|x86.ActiveCfg = Debug|Any CPU
		{2E8D8194-D980-49B6-9A7B-0B10034CDAA6}.Debug|x86.Build.0 = Debug|Any CPU
		{2E8D8194-D980-49B6-9A7B-0B10034CDAA6}.Release|Any CPU.ActiveCfg = Release|Any CPU
		{2E8D8194-D980-49B6-9A7B-0B10034CDAA6}.Release|Any CPU.Build.0 = Release|Any CPU
		{2E8D8194-D980-49B6-9A7B-0B10034CDAA6}.Release|x64.ActiveCfg = Release|Any CPU
		{2E8D8194-D980-49B6-9A7B-0B10034CDAA6}.Release|x64.Build.0 = Release|Any CPU
		{2E8D8194-D980-49B6-9A7B-0B10034CDAA6}.Release|x86.ActiveCfg = Release|Any CPU
		{2E8D8194-D980-49B6-9A7B-0B10034CDAA6}.Release|x86.Build.0 = Release|Any CPU
		{24E125EC-A3A9-4FCD-9E14-E17467E66804}.Debug|Any CPU.ActiveCfg = Debug|Any CPU
		{24E125EC-A3A9-4FCD-9E14-E17467E66804}.Debug|Any CPU.Build.0 = Debug|Any CPU
		{24E125EC-A3A9-4FCD-9E14-E17467E66804}.Debug|x64.ActiveCfg = Debug|Any CPU
		{24E125EC-A3A9-4FCD-9E14-E17467E66804}.Debug|x64.Build.0 = Debug|Any CPU
		{24E125EC-A3A9-4FCD-9E14-E17467E66804}.Debug|x86.ActiveCfg = Debug|Any CPU
		{24E125EC-A3A9-4FCD-9E14-E17467E66804}.Debug|x86.Build.0 = Debug|Any CPU
		{24E125EC-A3A9-4FCD-9E14-E17467E66804}.Release|Any CPU.ActiveCfg = Release|Any CPU
		{24E125EC-A3A9-4FCD-9E14-E17467E66804}.Release|Any CPU.Build.0 = Release|Any CPU
		{24E125EC-A3A9-4FCD-9E14-E17467E66804}.Release|x64.ActiveCfg = Release|Any CPU
		{24E125EC-A3A9-4FCD-9E14-E17467E66804}.Release|x64.Build.0 = Release|Any CPU
		{24E125EC-A3A9-4FCD-9E14-E17467E66804}.Release|x86.ActiveCfg = Release|Any CPU
		{24E125EC-A3A9-4FCD-9E14-E17467E66804}.Release|x86.Build.0 = Release|Any CPU
		{AD67EF49-478C-43DA-A2B0-9CD70EA931BC}.Debug|Any CPU.ActiveCfg = Debug|Any CPU
		{AD67EF49-478C-43DA-A2B0-9CD70EA931BC}.Debug|Any CPU.Build.0 = Debug|Any CPU
		{AD67EF49-478C-43DA-A2B0-9CD70EA931BC}.Debug|x64.ActiveCfg = Debug|Any CPU
		{AD67EF49-478C-43DA-A2B0-9CD70EA931BC}.Debug|x64.Build.0 = Debug|Any CPU
		{AD67EF49-478C-43DA-A2B0-9CD70EA931BC}.Debug|x86.ActiveCfg = Debug|Any CPU
		{AD67EF49-478C-43DA-A2B0-9CD70EA931BC}.Debug|x86.Build.0 = Debug|Any CPU
		{AD67EF49-478C-43DA-A2B0-9CD70EA931BC}.Release|Any CPU.ActiveCfg = Release|Any CPU
		{AD67EF49-478C-43DA-A2B0-9CD70EA931BC}.Release|Any CPU.Build.0 = Release|Any CPU
		{AD67EF49-478C-43DA-A2B0-9CD70EA931BC}.Release|x64.ActiveCfg = Release|Any CPU
		{AD67EF49-478C-43DA-A2B0-9CD70EA931BC}.Release|x64.Build.0 = Release|Any CPU
		{AD67EF49-478C-43DA-A2B0-9CD70EA931BC}.Release|x86.ActiveCfg = Release|Any CPU
		{AD67EF49-478C-43DA-A2B0-9CD70EA931BC}.Release|x86.Build.0 = Release|Any CPU
		{A0EFA692-D51A-4106-A4BD-7A84B46D4D04}.Debug|Any CPU.ActiveCfg = Debug|Any CPU
		{A0EFA692-D51A-4106-A4BD-7A84B46D4D04}.Debug|Any CPU.Build.0 = Debug|Any CPU
		{A0EFA692-D51A-4106-A4BD-7A84B46D4D04}.Debug|x64.ActiveCfg = Debug|Any CPU
		{A0EFA692-D51A-4106-A4BD-7A84B46D4D04}.Debug|x64.Build.0 = Debug|Any CPU
		{A0EFA692-D51A-4106-A4BD-7A84B46D4D04}.Debug|x86.ActiveCfg = Debug|Any CPU
		{A0EFA692-D51A-4106-A4BD-7A84B46D4D04}.Debug|x86.Build.0 = Debug|Any CPU
		{A0EFA692-D51A-4106-A4BD-7A84B46D4D04}.Release|Any CPU.ActiveCfg = Release|Any CPU
		{A0EFA692-D51A-4106-A4BD-7A84B46D4D04}.Release|Any CPU.Build.0 = Release|Any CPU
		{A0EFA692-D51A-4106-A4BD-7A84B46D4D04}.Release|x64.ActiveCfg = Release|Any CPU
		{A0EFA692-D51A-4106-A4BD-7A84B46D4D04}.Release|x64.Build.0 = Release|Any CPU
		{A0EFA692-D51A-4106-A4BD-7A84B46D4D04}.Release|x86.ActiveCfg = Release|Any CPU
		{A0EFA692-D51A-4106-A4BD-7A84B46D4D04}.Release|x86.Build.0 = Release|Any CPU
		{F9881B1A-6B5D-4B46-982E-FA629CE9D35D}.Debug|Any CPU.ActiveCfg = Debug|Any CPU
		{F9881B1A-6B5D-4B46-982E-FA629CE9D35D}.Debug|Any CPU.Build.0 = Debug|Any CPU
		{F9881B1A-6B5D-4B46-982E-FA629CE9D35D}.Debug|x64.ActiveCfg = Debug|Any CPU
		{F9881B1A-6B5D-4B46-982E-FA629CE9D35D}.Debug|x64.Build.0 = Debug|Any CPU
		{F9881B1A-6B5D-4B46-982E-FA629CE9D35D}.Debug|x86.ActiveCfg = Debug|Any CPU
		{F9881B1A-6B5D-4B46-982E-FA629CE9D35D}.Debug|x86.Build.0 = Debug|Any CPU
		{F9881B1A-6B5D-4B46-982E-FA629CE9D35D}.Release|Any CPU.ActiveCfg = Release|Any CPU
		{F9881B1A-6B5D-4B46-982E-FA629CE9D35D}.Release|Any CPU.Build.0 = Release|Any CPU
		{F9881B1A-6B5D-4B46-982E-FA629CE9D35D}.Release|x64.ActiveCfg = Release|Any CPU
		{F9881B1A-6B5D-4B46-982E-FA629CE9D35D}.Release|x64.Build.0 = Release|Any CPU
		{F9881B1A-6B5D-4B46-982E-FA629CE9D35D}.Release|x86.ActiveCfg = Release|Any CPU
		{F9881B1A-6B5D-4B46-982E-FA629CE9D35D}.Release|x86.Build.0 = Release|Any CPU
		{1188D4A5-EED4-48F4-82DF-259E354B7CA3}.Debug|Any CPU.ActiveCfg = Debug|Any CPU
		{1188D4A5-EED4-48F4-82DF-259E354B7CA3}.Debug|Any CPU.Build.0 = Debug|Any CPU
		{1188D4A5-EED4-48F4-82DF-259E354B7CA3}.Debug|x64.ActiveCfg = Debug|Any CPU
		{1188D4A5-EED4-48F4-82DF-259E354B7CA3}.Debug|x64.Build.0 = Debug|Any CPU
		{1188D4A5-EED4-48F4-82DF-259E354B7CA3}.Debug|x86.ActiveCfg = Debug|Any CPU
		{1188D4A5-EED4-48F4-82DF-259E354B7CA3}.Debug|x86.Build.0 = Debug|Any CPU
		{1188D4A5-EED4-48F4-82DF-259E354B7CA3}.Release|Any CPU.ActiveCfg = Release|Any CPU
		{1188D4A5-EED4-48F4-82DF-259E354B7CA3}.Release|Any CPU.Build.0 = Release|Any CPU
		{1188D4A5-EED4-48F4-82DF-259E354B7CA3}.Release|x64.ActiveCfg = Release|Any CPU
		{1188D4A5-EED4-48F4-82DF-259E354B7CA3}.Release|x64.Build.0 = Release|Any CPU
		{1188D4A5-EED4-48F4-82DF-259E354B7CA3}.Release|x86.ActiveCfg = Release|Any CPU
		{1188D4A5-EED4-48F4-82DF-259E354B7CA3}.Release|x86.Build.0 = Release|Any CPU
		{8E75EA5C-84F9-4E98-A63F-2DFFDA7148A1}.Debug|Any CPU.ActiveCfg = Debug|Any CPU
		{8E75EA5C-84F9-4E98-A63F-2DFFDA7148A1}.Debug|Any CPU.Build.0 = Debug|Any CPU
		{8E75EA5C-84F9-4E98-A63F-2DFFDA7148A1}.Debug|x64.ActiveCfg = Debug|Any CPU
		{8E75EA5C-84F9-4E98-A63F-2DFFDA7148A1}.Debug|x64.Build.0 = Debug|Any CPU
		{8E75EA5C-84F9-4E98-A63F-2DFFDA7148A1}.Debug|x86.ActiveCfg = Debug|Any CPU
		{8E75EA5C-84F9-4E98-A63F-2DFFDA7148A1}.Debug|x86.Build.0 = Debug|Any CPU
		{8E75EA5C-84F9-4E98-A63F-2DFFDA7148A1}.Release|Any CPU.ActiveCfg = Release|Any CPU
		{8E75EA5C-84F9-4E98-A63F-2DFFDA7148A1}.Release|Any CPU.Build.0 = Release|Any CPU
		{8E75EA5C-84F9-4E98-A63F-2DFFDA7148A1}.Release|x64.ActiveCfg = Release|Any CPU
		{8E75EA5C-84F9-4E98-A63F-2DFFDA7148A1}.Release|x64.Build.0 = Release|Any CPU
		{8E75EA5C-84F9-4E98-A63F-2DFFDA7148A1}.Release|x86.ActiveCfg = Release|Any CPU
		{8E75EA5C-84F9-4E98-A63F-2DFFDA7148A1}.Release|x86.Build.0 = Release|Any CPU
		{C3266D59-8ECA-4182-ABE6-76A99DF7CBF6}.Debug|Any CPU.ActiveCfg = Debug|Any CPU
		{C3266D59-8ECA-4182-ABE6-76A99DF7CBF6}.Debug|Any CPU.Build.0 = Debug|Any CPU
		{C3266D59-8ECA-4182-ABE6-76A99DF7CBF6}.Debug|x64.ActiveCfg = Debug|Any CPU
		{C3266D59-8ECA-4182-ABE6-76A99DF7CBF6}.Debug|x64.Build.0 = Debug|Any CPU
		{C3266D59-8ECA-4182-ABE6-76A99DF7CBF6}.Debug|x86.ActiveCfg = Debug|Any CPU
		{C3266D59-8ECA-4182-ABE6-76A99DF7CBF6}.Debug|x86.Build.0 = Debug|Any CPU
		{C3266D59-8ECA-4182-ABE6-76A99DF7CBF6}.Release|Any CPU.ActiveCfg = Release|Any CPU
		{C3266D59-8ECA-4182-ABE6-76A99DF7CBF6}.Release|Any CPU.Build.0 = Release|Any CPU
		{C3266D59-8ECA-4182-ABE6-76A99DF7CBF6}.Release|x64.ActiveCfg = Release|Any CPU
		{C3266D59-8ECA-4182-ABE6-76A99DF7CBF6}.Release|x64.Build.0 = Release|Any CPU
		{C3266D59-8ECA-4182-ABE6-76A99DF7CBF6}.Release|x86.ActiveCfg = Release|Any CPU
		{C3266D59-8ECA-4182-ABE6-76A99DF7CBF6}.Release|x86.Build.0 = Release|Any CPU
		{8FC80EF7-769E-4AAC-B99D-1E8D7753628A}.Debug|Any CPU.ActiveCfg = Debug|Any CPU
		{8FC80EF7-769E-4AAC-B99D-1E8D7753628A}.Debug|Any CPU.Build.0 = Debug|Any CPU
		{8FC80EF7-769E-4AAC-B99D-1E8D7753628A}.Debug|x64.ActiveCfg = Debug|Any CPU
		{8FC80EF7-769E-4AAC-B99D-1E8D7753628A}.Debug|x64.Build.0 = Debug|Any CPU
		{8FC80EF7-769E-4AAC-B99D-1E8D7753628A}.Debug|x86.ActiveCfg = Debug|Any CPU
		{8FC80EF7-769E-4AAC-B99D-1E8D7753628A}.Debug|x86.Build.0 = Debug|Any CPU
		{8FC80EF7-769E-4AAC-B99D-1E8D7753628A}.Release|Any CPU.ActiveCfg = Release|Any CPU
		{8FC80EF7-769E-4AAC-B99D-1E8D7753628A}.Release|Any CPU.Build.0 = Release|Any CPU
		{8FC80EF7-769E-4AAC-B99D-1E8D7753628A}.Release|x64.ActiveCfg = Release|Any CPU
		{8FC80EF7-769E-4AAC-B99D-1E8D7753628A}.Release|x64.Build.0 = Release|Any CPU
		{8FC80EF7-769E-4AAC-B99D-1E8D7753628A}.Release|x86.ActiveCfg = Release|Any CPU
		{8FC80EF7-769E-4AAC-B99D-1E8D7753628A}.Release|x86.Build.0 = Release|Any CPU
		{202DFF2D-1774-4FD5-8C46-1CA18380A231}.Debug|Any CPU.ActiveCfg = Debug|Any CPU
		{202DFF2D-1774-4FD5-8C46-1CA18380A231}.Debug|Any CPU.Build.0 = Debug|Any CPU
		{202DFF2D-1774-4FD5-8C46-1CA18380A231}.Debug|x64.ActiveCfg = Debug|Any CPU
		{202DFF2D-1774-4FD5-8C46-1CA18380A231}.Debug|x64.Build.0 = Debug|Any CPU
		{202DFF2D-1774-4FD5-8C46-1CA18380A231}.Debug|x86.ActiveCfg = Debug|Any CPU
		{202DFF2D-1774-4FD5-8C46-1CA18380A231}.Debug|x86.Build.0 = Debug|Any CPU
		{202DFF2D-1774-4FD5-8C46-1CA18380A231}.Release|Any CPU.ActiveCfg = Release|Any CPU
		{202DFF2D-1774-4FD5-8C46-1CA18380A231}.Release|Any CPU.Build.0 = Release|Any CPU
		{202DFF2D-1774-4FD5-8C46-1CA18380A231}.Release|x64.ActiveCfg = Release|Any CPU
		{202DFF2D-1774-4FD5-8C46-1CA18380A231}.Release|x64.Build.0 = Release|Any CPU
		{202DFF2D-1774-4FD5-8C46-1CA18380A231}.Release|x86.ActiveCfg = Release|Any CPU
		{202DFF2D-1774-4FD5-8C46-1CA18380A231}.Release|x86.Build.0 = Release|Any CPU
		{B4F433C0-46F6-4739-A9A4-95485701DF9C}.Debug|Any CPU.ActiveCfg = Debug|Any CPU
		{B4F433C0-46F6-4739-A9A4-95485701DF9C}.Debug|Any CPU.Build.0 = Debug|Any CPU
		{B4F433C0-46F6-4739-A9A4-95485701DF9C}.Debug|x64.ActiveCfg = Debug|Any CPU
		{B4F433C0-46F6-4739-A9A4-95485701DF9C}.Debug|x64.Build.0 = Debug|Any CPU
		{B4F433C0-46F6-4739-A9A4-95485701DF9C}.Debug|x86.ActiveCfg = Debug|Any CPU
		{B4F433C0-46F6-4739-A9A4-95485701DF9C}.Debug|x86.Build.0 = Debug|Any CPU
		{B4F433C0-46F6-4739-A9A4-95485701DF9C}.Release|Any CPU.ActiveCfg = Release|Any CPU
		{B4F433C0-46F6-4739-A9A4-95485701DF9C}.Release|Any CPU.Build.0 = Release|Any CPU
		{B4F433C0-46F6-4739-A9A4-95485701DF9C}.Release|x64.ActiveCfg = Release|Any CPU
		{B4F433C0-46F6-4739-A9A4-95485701DF9C}.Release|x64.Build.0 = Release|Any CPU
		{B4F433C0-46F6-4739-A9A4-95485701DF9C}.Release|x86.ActiveCfg = Release|Any CPU
		{B4F433C0-46F6-4739-A9A4-95485701DF9C}.Release|x86.Build.0 = Release|Any CPU
		{1FCFF01A-A38F-4539-80C0-168BCCBECB11}.Debug|Any CPU.ActiveCfg = Debug|Any CPU
		{1FCFF01A-A38F-4539-80C0-168BCCBECB11}.Debug|Any CPU.Build.0 = Debug|Any CPU
		{1FCFF01A-A38F-4539-80C0-168BCCBECB11}.Debug|x64.ActiveCfg = Debug|Any CPU
		{1FCFF01A-A38F-4539-80C0-168BCCBECB11}.Debug|x64.Build.0 = Debug|Any CPU
		{1FCFF01A-A38F-4539-80C0-168BCCBECB11}.Debug|x86.ActiveCfg = Debug|Any CPU
		{1FCFF01A-A38F-4539-80C0-168BCCBECB11}.Debug|x86.Build.0 = Debug|Any CPU
		{1FCFF01A-A38F-4539-80C0-168BCCBECB11}.Release|Any CPU.ActiveCfg = Release|Any CPU
		{1FCFF01A-A38F-4539-80C0-168BCCBECB11}.Release|Any CPU.Build.0 = Release|Any CPU
		{1FCFF01A-A38F-4539-80C0-168BCCBECB11}.Release|x64.ActiveCfg = Release|Any CPU
		{1FCFF01A-A38F-4539-80C0-168BCCBECB11}.Release|x64.Build.0 = Release|Any CPU
		{1FCFF01A-A38F-4539-80C0-168BCCBECB11}.Release|x86.ActiveCfg = Release|Any CPU
		{1FCFF01A-A38F-4539-80C0-168BCCBECB11}.Release|x86.Build.0 = Release|Any CPU
		{02B03C1C-0CCA-4439-A46D-AE9BAD7AF328}.Debug|Any CPU.ActiveCfg = Debug|Any CPU
		{02B03C1C-0CCA-4439-A46D-AE9BAD7AF328}.Debug|Any CPU.Build.0 = Debug|Any CPU
		{02B03C1C-0CCA-4439-A46D-AE9BAD7AF328}.Debug|x64.ActiveCfg = Debug|Any CPU
		{02B03C1C-0CCA-4439-A46D-AE9BAD7AF328}.Debug|x64.Build.0 = Debug|Any CPU
		{02B03C1C-0CCA-4439-A46D-AE9BAD7AF328}.Debug|x86.ActiveCfg = Debug|Any CPU
		{02B03C1C-0CCA-4439-A46D-AE9BAD7AF328}.Debug|x86.Build.0 = Debug|Any CPU
		{02B03C1C-0CCA-4439-A46D-AE9BAD7AF328}.Release|Any CPU.ActiveCfg = Release|Any CPU
		{02B03C1C-0CCA-4439-A46D-AE9BAD7AF328}.Release|Any CPU.Build.0 = Release|Any CPU
		{02B03C1C-0CCA-4439-A46D-AE9BAD7AF328}.Release|x64.ActiveCfg = Release|Any CPU
		{02B03C1C-0CCA-4439-A46D-AE9BAD7AF328}.Release|x64.Build.0 = Release|Any CPU
		{02B03C1C-0CCA-4439-A46D-AE9BAD7AF328}.Release|x86.ActiveCfg = Release|Any CPU
		{02B03C1C-0CCA-4439-A46D-AE9BAD7AF328}.Release|x86.Build.0 = Release|Any CPU
		{50073369-A1D0-4EC3-AB45-24ECF72DF735}.Debug|Any CPU.ActiveCfg = Debug|Any CPU
		{50073369-A1D0-4EC3-AB45-24ECF72DF735}.Debug|Any CPU.Build.0 = Debug|Any CPU
		{50073369-A1D0-4EC3-AB45-24ECF72DF735}.Debug|x64.ActiveCfg = Debug|Any CPU
		{50073369-A1D0-4EC3-AB45-24ECF72DF735}.Debug|x64.Build.0 = Debug|Any CPU
		{50073369-A1D0-4EC3-AB45-24ECF72DF735}.Debug|x86.ActiveCfg = Debug|Any CPU
		{50073369-A1D0-4EC3-AB45-24ECF72DF735}.Debug|x86.Build.0 = Debug|Any CPU
		{50073369-A1D0-4EC3-AB45-24ECF72DF735}.Release|Any CPU.ActiveCfg = Release|Any CPU
		{50073369-A1D0-4EC3-AB45-24ECF72DF735}.Release|Any CPU.Build.0 = Release|Any CPU
		{50073369-A1D0-4EC3-AB45-24ECF72DF735}.Release|x64.ActiveCfg = Release|Any CPU
		{50073369-A1D0-4EC3-AB45-24ECF72DF735}.Release|x64.Build.0 = Release|Any CPU
		{50073369-A1D0-4EC3-AB45-24ECF72DF735}.Release|x86.ActiveCfg = Release|Any CPU
		{50073369-A1D0-4EC3-AB45-24ECF72DF735}.Release|x86.Build.0 = Release|Any CPU
		{43BA9319-1A96-409F-BF67-46DBC79E87EB}.Debug|Any CPU.ActiveCfg = Debug|Any CPU
		{43BA9319-1A96-409F-BF67-46DBC79E87EB}.Debug|Any CPU.Build.0 = Debug|Any CPU
		{43BA9319-1A96-409F-BF67-46DBC79E87EB}.Debug|x64.ActiveCfg = Debug|Any CPU
		{43BA9319-1A96-409F-BF67-46DBC79E87EB}.Debug|x64.Build.0 = Debug|Any CPU
		{43BA9319-1A96-409F-BF67-46DBC79E87EB}.Debug|x86.ActiveCfg = Debug|Any CPU
		{43BA9319-1A96-409F-BF67-46DBC79E87EB}.Debug|x86.Build.0 = Debug|Any CPU
		{43BA9319-1A96-409F-BF67-46DBC79E87EB}.Release|Any CPU.ActiveCfg = Release|Any CPU
		{43BA9319-1A96-409F-BF67-46DBC79E87EB}.Release|Any CPU.Build.0 = Release|Any CPU
		{43BA9319-1A96-409F-BF67-46DBC79E87EB}.Release|x64.ActiveCfg = Release|Any CPU
		{43BA9319-1A96-409F-BF67-46DBC79E87EB}.Release|x64.Build.0 = Release|Any CPU
		{43BA9319-1A96-409F-BF67-46DBC79E87EB}.Release|x86.ActiveCfg = Release|Any CPU
		{43BA9319-1A96-409F-BF67-46DBC79E87EB}.Release|x86.Build.0 = Release|Any CPU
		{E7DDF543-4E6D-4FBB-8496-2C968D4F88DD}.Debug|Any CPU.ActiveCfg = Debug|Any CPU
		{E7DDF543-4E6D-4FBB-8496-2C968D4F88DD}.Debug|Any CPU.Build.0 = Debug|Any CPU
		{E7DDF543-4E6D-4FBB-8496-2C968D4F88DD}.Debug|x64.ActiveCfg = Debug|Any CPU
		{E7DDF543-4E6D-4FBB-8496-2C968D4F88DD}.Debug|x64.Build.0 = Debug|Any CPU
		{E7DDF543-4E6D-4FBB-8496-2C968D4F88DD}.Debug|x86.ActiveCfg = Debug|Any CPU
		{E7DDF543-4E6D-4FBB-8496-2C968D4F88DD}.Debug|x86.Build.0 = Debug|Any CPU
		{E7DDF543-4E6D-4FBB-8496-2C968D4F88DD}.Release|Any CPU.ActiveCfg = Release|Any CPU
		{E7DDF543-4E6D-4FBB-8496-2C968D4F88DD}.Release|Any CPU.Build.0 = Release|Any CPU
		{E7DDF543-4E6D-4FBB-8496-2C968D4F88DD}.Release|x64.ActiveCfg = Release|Any CPU
		{E7DDF543-4E6D-4FBB-8496-2C968D4F88DD}.Release|x64.Build.0 = Release|Any CPU
		{E7DDF543-4E6D-4FBB-8496-2C968D4F88DD}.Release|x86.ActiveCfg = Release|Any CPU
		{E7DDF543-4E6D-4FBB-8496-2C968D4F88DD}.Release|x86.Build.0 = Release|Any CPU
		{B674D2E0-BF88-4F7C-9B14-8DF4A6B12BCF}.Debug|Any CPU.ActiveCfg = Debug|Any CPU
		{B674D2E0-BF88-4F7C-9B14-8DF4A6B12BCF}.Debug|Any CPU.Build.0 = Debug|Any CPU
		{B674D2E0-BF88-4F7C-9B14-8DF4A6B12BCF}.Debug|x64.ActiveCfg = Debug|Any CPU
		{B674D2E0-BF88-4F7C-9B14-8DF4A6B12BCF}.Debug|x64.Build.0 = Debug|Any CPU
		{B674D2E0-BF88-4F7C-9B14-8DF4A6B12BCF}.Debug|x86.ActiveCfg = Debug|Any CPU
		{B674D2E0-BF88-4F7C-9B14-8DF4A6B12BCF}.Debug|x86.Build.0 = Debug|Any CPU
		{B674D2E0-BF88-4F7C-9B14-8DF4A6B12BCF}.Release|Any CPU.ActiveCfg = Release|Any CPU
		{B674D2E0-BF88-4F7C-9B14-8DF4A6B12BCF}.Release|Any CPU.Build.0 = Release|Any CPU
		{B674D2E0-BF88-4F7C-9B14-8DF4A6B12BCF}.Release|x64.ActiveCfg = Release|Any CPU
		{B674D2E0-BF88-4F7C-9B14-8DF4A6B12BCF}.Release|x64.Build.0 = Release|Any CPU
		{B674D2E0-BF88-4F7C-9B14-8DF4A6B12BCF}.Release|x86.ActiveCfg = Release|Any CPU
		{B674D2E0-BF88-4F7C-9B14-8DF4A6B12BCF}.Release|x86.Build.0 = Release|Any CPU
		{85FD9085-B867-4656-957D-647EE6FCCF2F}.Debug|Any CPU.ActiveCfg = Debug|Any CPU
		{85FD9085-B867-4656-957D-647EE6FCCF2F}.Debug|Any CPU.Build.0 = Debug|Any CPU
		{85FD9085-B867-4656-957D-647EE6FCCF2F}.Debug|x64.ActiveCfg = Debug|Any CPU
		{85FD9085-B867-4656-957D-647EE6FCCF2F}.Debug|x64.Build.0 = Debug|Any CPU
		{85FD9085-B867-4656-957D-647EE6FCCF2F}.Debug|x86.ActiveCfg = Debug|Any CPU
		{85FD9085-B867-4656-957D-647EE6FCCF2F}.Debug|x86.Build.0 = Debug|Any CPU
		{85FD9085-B867-4656-957D-647EE6FCCF2F}.Release|Any CPU.ActiveCfg = Release|Any CPU
		{85FD9085-B867-4656-957D-647EE6FCCF2F}.Release|Any CPU.Build.0 = Release|Any CPU
		{85FD9085-B867-4656-957D-647EE6FCCF2F}.Release|x64.ActiveCfg = Release|Any CPU
		{85FD9085-B867-4656-957D-647EE6FCCF2F}.Release|x64.Build.0 = Release|Any CPU
		{85FD9085-B867-4656-957D-647EE6FCCF2F}.Release|x86.ActiveCfg = Release|Any CPU
		{85FD9085-B867-4656-957D-647EE6FCCF2F}.Release|x86.Build.0 = Release|Any CPU
		{B67636F8-048D-4203-8A72-E3B029031BF2}.Debug|Any CPU.ActiveCfg = Debug|Any CPU
		{B67636F8-048D-4203-8A72-E3B029031BF2}.Debug|Any CPU.Build.0 = Debug|Any CPU
		{B67636F8-048D-4203-8A72-E3B029031BF2}.Debug|x64.ActiveCfg = Debug|Any CPU
		{B67636F8-048D-4203-8A72-E3B029031BF2}.Debug|x64.Build.0 = Debug|Any CPU
		{B67636F8-048D-4203-8A72-E3B029031BF2}.Debug|x86.ActiveCfg = Debug|Any CPU
		{B67636F8-048D-4203-8A72-E3B029031BF2}.Debug|x86.Build.0 = Debug|Any CPU
		{B67636F8-048D-4203-8A72-E3B029031BF2}.Release|Any CPU.ActiveCfg = Release|Any CPU
		{B67636F8-048D-4203-8A72-E3B029031BF2}.Release|Any CPU.Build.0 = Release|Any CPU
		{B67636F8-048D-4203-8A72-E3B029031BF2}.Release|x64.ActiveCfg = Release|Any CPU
		{B67636F8-048D-4203-8A72-E3B029031BF2}.Release|x64.Build.0 = Release|Any CPU
		{B67636F8-048D-4203-8A72-E3B029031BF2}.Release|x86.ActiveCfg = Release|Any CPU
		{B67636F8-048D-4203-8A72-E3B029031BF2}.Release|x86.Build.0 = Release|Any CPU
		{6F897844-FF15-408C-94A8-407C1200E7C7}.Debug|Any CPU.ActiveCfg = Debug|Any CPU
		{6F897844-FF15-408C-94A8-407C1200E7C7}.Debug|Any CPU.Build.0 = Debug|Any CPU
		{6F897844-FF15-408C-94A8-407C1200E7C7}.Debug|x64.ActiveCfg = Debug|Any CPU
		{6F897844-FF15-408C-94A8-407C1200E7C7}.Debug|x64.Build.0 = Debug|Any CPU
		{6F897844-FF15-408C-94A8-407C1200E7C7}.Debug|x86.ActiveCfg = Debug|Any CPU
		{6F897844-FF15-408C-94A8-407C1200E7C7}.Debug|x86.Build.0 = Debug|Any CPU
		{6F897844-FF15-408C-94A8-407C1200E7C7}.Release|Any CPU.ActiveCfg = Release|Any CPU
		{6F897844-FF15-408C-94A8-407C1200E7C7}.Release|Any CPU.Build.0 = Release|Any CPU
		{6F897844-FF15-408C-94A8-407C1200E7C7}.Release|x64.ActiveCfg = Release|Any CPU
		{6F897844-FF15-408C-94A8-407C1200E7C7}.Release|x64.Build.0 = Release|Any CPU
		{6F897844-FF15-408C-94A8-407C1200E7C7}.Release|x86.ActiveCfg = Release|Any CPU
		{6F897844-FF15-408C-94A8-407C1200E7C7}.Release|x86.Build.0 = Release|Any CPU
		{F93178C0-FB57-417E-843A-A73A41834759}.Debug|Any CPU.ActiveCfg = Debug|Any CPU
		{F93178C0-FB57-417E-843A-A73A41834759}.Debug|Any CPU.Build.0 = Debug|Any CPU
		{F93178C0-FB57-417E-843A-A73A41834759}.Debug|x64.ActiveCfg = Debug|Any CPU
		{F93178C0-FB57-417E-843A-A73A41834759}.Debug|x64.Build.0 = Debug|Any CPU
		{F93178C0-FB57-417E-843A-A73A41834759}.Debug|x86.ActiveCfg = Debug|Any CPU
		{F93178C0-FB57-417E-843A-A73A41834759}.Debug|x86.Build.0 = Debug|Any CPU
		{F93178C0-FB57-417E-843A-A73A41834759}.Release|Any CPU.ActiveCfg = Release|Any CPU
		{F93178C0-FB57-417E-843A-A73A41834759}.Release|Any CPU.Build.0 = Release|Any CPU
		{F93178C0-FB57-417E-843A-A73A41834759}.Release|x64.ActiveCfg = Release|Any CPU
		{F93178C0-FB57-417E-843A-A73A41834759}.Release|x64.Build.0 = Release|Any CPU
		{F93178C0-FB57-417E-843A-A73A41834759}.Release|x86.ActiveCfg = Release|Any CPU
		{F93178C0-FB57-417E-843A-A73A41834759}.Release|x86.Build.0 = Release|Any CPU
		{7F9D7C85-6BAE-43E5-AB82-40387F64B00E}.Debug|Any CPU.ActiveCfg = Debug|Any CPU
		{7F9D7C85-6BAE-43E5-AB82-40387F64B00E}.Debug|Any CPU.Build.0 = Debug|Any CPU
		{7F9D7C85-6BAE-43E5-AB82-40387F64B00E}.Debug|x64.ActiveCfg = Debug|Any CPU
		{7F9D7C85-6BAE-43E5-AB82-40387F64B00E}.Debug|x64.Build.0 = Debug|Any CPU
		{7F9D7C85-6BAE-43E5-AB82-40387F64B00E}.Debug|x86.ActiveCfg = Debug|Any CPU
		{7F9D7C85-6BAE-43E5-AB82-40387F64B00E}.Debug|x86.Build.0 = Debug|Any CPU
		{7F9D7C85-6BAE-43E5-AB82-40387F64B00E}.Release|Any CPU.ActiveCfg = Release|Any CPU
		{7F9D7C85-6BAE-43E5-AB82-40387F64B00E}.Release|Any CPU.Build.0 = Release|Any CPU
		{7F9D7C85-6BAE-43E5-AB82-40387F64B00E}.Release|x64.ActiveCfg = Release|Any CPU
		{7F9D7C85-6BAE-43E5-AB82-40387F64B00E}.Release|x64.Build.0 = Release|Any CPU
		{7F9D7C85-6BAE-43E5-AB82-40387F64B00E}.Release|x86.ActiveCfg = Release|Any CPU
		{7F9D7C85-6BAE-43E5-AB82-40387F64B00E}.Release|x86.Build.0 = Release|Any CPU
		{930EF762-31E0-40F9-8B85-3632D6444ADC}.Debug|Any CPU.ActiveCfg = Debug|Any CPU
		{930EF762-31E0-40F9-8B85-3632D6444ADC}.Debug|Any CPU.Build.0 = Debug|Any CPU
		{930EF762-31E0-40F9-8B85-3632D6444ADC}.Debug|x64.ActiveCfg = Debug|Any CPU
		{930EF762-31E0-40F9-8B85-3632D6444ADC}.Debug|x64.Build.0 = Debug|Any CPU
		{930EF762-31E0-40F9-8B85-3632D6444ADC}.Debug|x86.ActiveCfg = Debug|Any CPU
		{930EF762-31E0-40F9-8B85-3632D6444ADC}.Debug|x86.Build.0 = Debug|Any CPU
		{930EF762-31E0-40F9-8B85-3632D6444ADC}.Release|Any CPU.ActiveCfg = Release|Any CPU
		{930EF762-31E0-40F9-8B85-3632D6444ADC}.Release|Any CPU.Build.0 = Release|Any CPU
		{930EF762-31E0-40F9-8B85-3632D6444ADC}.Release|x64.ActiveCfg = Release|Any CPU
		{930EF762-31E0-40F9-8B85-3632D6444ADC}.Release|x64.Build.0 = Release|Any CPU
		{930EF762-31E0-40F9-8B85-3632D6444ADC}.Release|x86.ActiveCfg = Release|Any CPU
		{930EF762-31E0-40F9-8B85-3632D6444ADC}.Release|x86.Build.0 = Release|Any CPU
		{2C3FBA3B-4135-447F-A176-3FA1C51BE63A}.Debug|Any CPU.ActiveCfg = Debug|Any CPU
		{2C3FBA3B-4135-447F-A176-3FA1C51BE63A}.Debug|Any CPU.Build.0 = Debug|Any CPU
		{2C3FBA3B-4135-447F-A176-3FA1C51BE63A}.Debug|x64.ActiveCfg = Debug|Any CPU
		{2C3FBA3B-4135-447F-A176-3FA1C51BE63A}.Debug|x64.Build.0 = Debug|Any CPU
		{2C3FBA3B-4135-447F-A176-3FA1C51BE63A}.Debug|x86.ActiveCfg = Debug|Any CPU
		{2C3FBA3B-4135-447F-A176-3FA1C51BE63A}.Debug|x86.Build.0 = Debug|Any CPU
		{2C3FBA3B-4135-447F-A176-3FA1C51BE63A}.Release|Any CPU.ActiveCfg = Release|Any CPU
		{2C3FBA3B-4135-447F-A176-3FA1C51BE63A}.Release|Any CPU.Build.0 = Release|Any CPU
		{2C3FBA3B-4135-447F-A176-3FA1C51BE63A}.Release|x64.ActiveCfg = Release|Any CPU
		{2C3FBA3B-4135-447F-A176-3FA1C51BE63A}.Release|x64.Build.0 = Release|Any CPU
		{2C3FBA3B-4135-447F-A176-3FA1C51BE63A}.Release|x86.ActiveCfg = Release|Any CPU
		{2C3FBA3B-4135-447F-A176-3FA1C51BE63A}.Release|x86.Build.0 = Release|Any CPU
	EndGlobalSection
	GlobalSection(SolutionProperties) = preSolution
		HideSolutionNode = FALSE
	EndGlobalSection
	GlobalSection(NestedProjects) = preSolution
		{9F9726DF-17B6-4A3F-9BD6-9FF9823B9162} = {6126DFF8-BAF2-483E-87D6-5037B4FD285F}
		{5DA5D0C4-385A-4EE4-8648-B70404A991B7} = {6126DFF8-BAF2-483E-87D6-5037B4FD285F}
		{32C54985-8A69-4DD2-AA19-ED7B810AE618} = {6126DFF8-BAF2-483E-87D6-5037B4FD285F}
		{2E8D8194-D980-49B6-9A7B-0B10034CDAA6} = {BBC9364F-640F-4198-976B-3C34040B4F40}
		{24E125EC-A3A9-4FCD-9E14-E17467E66804} = {BBC9364F-640F-4198-976B-3C34040B4F40}
		{AD67EF49-478C-43DA-A2B0-9CD70EA931BC} = {BBC9364F-640F-4198-976B-3C34040B4F40}
		{A0EFA692-D51A-4106-A4BD-7A84B46D4D04} = {44612DAE-36C2-4D74-B5A2-A3B06D470065}
		{F9881B1A-6B5D-4B46-982E-FA629CE9D35D} = {44612DAE-36C2-4D74-B5A2-A3B06D470065}
		{1188D4A5-EED4-48F4-82DF-259E354B7CA3} = {44612DAE-36C2-4D74-B5A2-A3B06D470065}
		{8E75EA5C-84F9-4E98-A63F-2DFFDA7148A1} = {C3389275-41BD-4C26-BF65-BA4711B1578B}
		{C3266D59-8ECA-4182-ABE6-76A99DF7CBF6} = {C3389275-41BD-4C26-BF65-BA4711B1578B}
		{8FC80EF7-769E-4AAC-B99D-1E8D7753628A} = {C3389275-41BD-4C26-BF65-BA4711B1578B}
		{202DFF2D-1774-4FD5-8C46-1CA18380A231} = {C3389275-41BD-4C26-BF65-BA4711B1578B}
		{B4F433C0-46F6-4739-A9A4-95485701DF9C} = {C3389275-41BD-4C26-BF65-BA4711B1578B}
		{1FCFF01A-A38F-4539-80C0-168BCCBECB11} = {C3389275-41BD-4C26-BF65-BA4711B1578B}
		{02B03C1C-0CCA-4439-A46D-AE9BAD7AF328} = {85FFE3A4-D188-401B-8D7F-1A3EDCF3ED35}
		{50073369-A1D0-4EC3-AB45-24ECF72DF735} = {85FFE3A4-D188-401B-8D7F-1A3EDCF3ED35}
		{43BA9319-1A96-409F-BF67-46DBC79E87EB} = {85FFE3A4-D188-401B-8D7F-1A3EDCF3ED35}
		{E7DDF543-4E6D-4FBB-8496-2C968D4F88DD} = {A5C0300E-270B-4E04-AF26-8C8C93746FE3}
		{B674D2E0-BF88-4F7C-9B14-8DF4A6B12BCF} = {A5C0300E-270B-4E04-AF26-8C8C93746FE3}
		{85FD9085-B867-4656-957D-647EE6FCCF2F} = {A5C0300E-270B-4E04-AF26-8C8C93746FE3}
		{B67636F8-048D-4203-8A72-E3B029031BF2} = {CBF7AB59-7E7F-49DC-9EBB-CC66AAFF8DA2}
		{6F897844-FF15-408C-94A8-407C1200E7C7} = {CBF7AB59-7E7F-49DC-9EBB-CC66AAFF8DA2}
		{F93178C0-FB57-417E-843A-A73A41834759} = {CBF7AB59-7E7F-49DC-9EBB-CC66AAFF8DA2}
		{7F9D7C85-6BAE-43E5-AB82-40387F64B00E} = {FDAAA1C0-CBD4-40E3-B01C-47F004564796}
		{930EF762-31E0-40F9-8B85-3632D6444ADC} = {FDAAA1C0-CBD4-40E3-B01C-47F004564796}
		{2C3FBA3B-4135-447F-A176-3FA1C51BE63A} = {FDAAA1C0-CBD4-40E3-B01C-47F004564796}
	EndGlobalSection
	GlobalSection(ExtensibilityGlobals) = postSolution
		SolutionGuid = {7BB194BF-9849-4653-A520-6057E1800F22}
	EndGlobalSection
EndGlobal
